{
  "originHash" : "ee5c3a3f3679bb04d4ae233a1d6dde11537172062b9a09f3578dca4bdfc80e02",
  "pins" : [
    {
      "identity" : "facebook-ios-sdk",
      "kind" : "remoteSourceControl",
      "location" : "https://github.com/facebook/facebook-ios-sdk",
      "state" : {
        "revision" : "c19607d535864533523d1f437c84035e5fb101cf",
        "version" : "14.1.0"
      }
    },
    {
      "identity" : "ios-branch-sdk-spm",
      "kind" : "remoteSourceControl",
      "location" : "https://github.com/BranchMetrics/ios-branch-sdk-spm",
      "state" : {
        "revision" : "0fc0c3e8df1e175e7d049b4497bed18cae0ffc24",
        "version" : "3.13.3"
      }
    },
    {
      "identity" : "posthog-ios",
      "kind" : "remoteSourceControl",
      "location" : "https://github.com/PostHog/posthog-ios.git",
      "state" : {
        "revision" : "ba5dd65d2341ab8ea1949f072594ef67c490af3a",
        "version" : "3.34.0"
      }
    }
  ],
  "version" : 3
}
